{
  "nodes": {
    "diagnostic-triage": {
      "inputs": {
        "nixpkgs": "nixpkgs",
        "rust-overlay": "rust-overlay"
      },
      "locked": {
        "lastModified": 1784813272,
        "narHash": "sha256-S3o/YdOg+lTVS6/XmguGZnd2Jp8zkNFfN2sIRblLQw0=",
        "owner": "Anionix",
        "repo": "diagnostic-triage",
        "rev": "f6877942a0de2b0c91f5334e7197996515e6344a",
        "type": "github"
      },
      "original": {
        "owner": "Anionix",
        "repo": "diagnostic-triage",
        "rev": "f6877942a0de2b0c91f5334e7197996515e6344a",
        "type": "github"
      }
    },
    "nixpkgs": {
      "locked": {
        "lastModified": 1784517550,
        "narHash": "sha256-uH9LkreZXkpZXD0QOXBkQWnAHhlVuT0wUABFw7AN9BU=",
        "owner": "NixOS",
        "repo": "nixpkgs",
        "rev": "fca2dbd4c00c3063235e56bb91758e24fc67b7b8",
        "type": "github"
      },
      "original": {
        "owner": "NixOS",
        "ref": "nixpkgs-26.05-darwin",
        "repo": "nixpkgs",
        "type": "github"
      }
    },
    "nixpkgs_2": {
      "locked": {
        "lastModified": 1783776592,
        "narHash": "sha256-UgCQzxeWI75XM8G+hPrPh+MKzEPjG3SpAj7dtqSbksA=",
        "owner": "NixOS",
        "repo": "nixpkgs",
        "rev": "e7a3ca8092b61ff85b6a45bf863ea2b2d6a661b3",
        "type": "github"
      },
      "original": {
        "owner": "NixOS",
        "ref": "nixos-unstable",
        "repo": "nixpkgs",
        "type": "github"
      }
    },
    "nixpkgs_3": {
      "locked": {
        "lastModified": 1744536153,
        "narHash": "sha256-awS2zRgF4uTwrOKwwiJcByDzDOdo3Q1rPZbiHQg/N38=",
        "owner": "NixOS",
        "repo": "nixpkgs",
        "rev": "18dd725c29603f582cf1900e0d25f9f1063dbf11",
        "type": "github"
      },
      "original": {
        "owner": "NixOS",
        "ref": "nixpkgs-unstable",
        "repo": "nixpkgs",
        "type": "github"
      }
    },
    "root": {
      "inputs": {
        "diagnostic-triage": "diagnostic-triage",
        "nixpkgs": "nixpkgs_2",
        "rust-overlay": "rust-overlay_2"
      }
    },
    "rust-overlay": {
      "inputs": {
        "nixpkgs": [
          "diagnostic-triage",
          "nixpkgs"
        ]
      },
      "locked": {
        "lastModified": 1784526465,
        "narHash": "sha256-L37teKC6oINWG4PGZLIqbphMWvSQ0PEz+aWxAk+rIDw=",
        "owner": "oxalica",
        "repo": "rust-overlay",
        "rev": "58c6334db52d51fc5dd8877c90b01f00cf8a696b",
        "type": "github"
      },
      "original": {
        "owner": "oxalica",
        "repo": "rust-overlay",
        "type": "github"
      }
    },
    "rust-overlay_2": {
      "inputs": {
        "nixpkgs": "nixpkgs_3"
      },
      "locked": {
        "lastModified": 1784178955,
        "narHash": "sha256-YtXHVFBzzqSidcEhPhfTcF2yzzu0p0yA7x07LOR+LaY=",
        "owner": "oxalica",
        "repo": "rust-overlay",
        "rev": "1785b85aeccca381caf8777133410f577b8f2f59",
        "type": "github"
      },
      "original": {
        "owner": "oxalica",
        "repo": "rust-overlay",
        "type": "github"
      }
    }
  },
  "root": "root",
  "version": 7
}
